
Microsoft Visual Studio Solution File, Format Version 12.00
# Visual Studio Version 16
VisualStudioVersion = 16.0.29905.134
MinimumVisualStudioVersion = 15.0.26124.0
Project("{9A19103F-16F7-4668-BE54-9A1E7A4F7556}") = "qrserver", "qrserver\qrserver.csproj", "{4C149303-514A-4245-A562-575A1D1FE388}"
EndProject
Project("{9A19103F-16F7-4668-BE54-9A1E7A4F7556}") = "Qrdesktop", "qrdesktop\Qrdesktop.csproj", "{BCC3DC89-C5E5-4594-AD6C-7533C339D95C}"
EndProject
Global
	GlobalSection(SolutionConfigurationPlatforms) = preSolution
		Debug|Any CPU = Debug|Any CPU
		Debug|x64 = Debug|x64
		Debug|x86 = Debug|x86
		Release|Any CPU = Release|Any CPU
		Release|x64 = Release|x64
		Release|x86 = Release|x86
	EndGlobalSection
	GlobalSection(ProjectConfigurationPlatforms) = postSolution
		{4C149303-514A-4245-A562-575A1D1FE388}.Debug|Any CPU.ActiveCfg = Debug|Any CPU
		{4C149303-514A-4245-A562-575A1D1FE388}.Debug|Any CPU.Build.0 = Debug|Any CPU
		{4C149303-514A-4245-A562-575A1D1FE388}.Debug|x64.ActiveCfg = Debug|Any CPU
		{4C149303-514A-4245-A562-575A1D1FE388}.Debug|x64.Build.0 = Debug|Any CPU
		{4C149303-514A-4245-A562-575A1D1FE388}.Debug|x86.ActiveCfg = Debug|Any CPU
		{4C149303-514A-4245-A562-575A1D1FE388}.Debug|x86.Build.0 = Debug|Any CPU
		{4C149303-514A-4245-A562-575A1D1FE388}.Release|Any CPU.ActiveCfg = Release|Any CPU
		{4C149303-514A-4245-A562-575A1D1FE388}.Release|Any CPU.Build.0 = Release|Any CPU
		{4C149303-514A-4245-A562-575A1D1FE388}.Release|x64.ActiveCfg = Release|Any CPU
		{4C149303-514A-4245-A562-575A1D1FE388}.Release|x64.Build.0 = Release|Any CPU
		{4C149303-514A-4245-A562-575A1D1FE388}.Release|x86.ActiveCfg = Release|Any CPU
		{4C149303-514A-4245-A562-575A1D1FE388}.Release|x86.Build.0 = Release|Any CPU
		{BCC3DC89-C5E5-4594-AD6C-7533C339D95C}.Debug|Any CPU.ActiveCfg = Debug|Any CPU
		{BCC3DC89-C5E5-4594-AD6C-7533C339D95C}.Debug|Any CPU.Build.0 = Debug|Any CPU
		{BCC3DC89-C5E5-4594-AD6C-7533C339D95C}.Debug|x64.ActiveCfg = Debug|Any CPU
		{BCC3DC89-C5E5-4594-AD6C-7533C339D95C}.Debug|x64.Build.0 = Debug|Any CPU
		{BCC3DC89-C5E5-4594-AD6C-7533C339D95C}.Debug|x86.ActiveCfg = Debug|Any CPU
		{BCC3DC89-C5E5-4594-AD6C-7533C339D95C}.Debug|x86.Build.0 = Debug|Any CPU
		{BCC3DC89-C5E5-4594-AD6C-7533C339D95C}.Release|Any CPU.ActiveCfg = Release|Any CPU
		{BCC3DC89-C5E5-4594-AD6C-7533C339D95C}.Release|Any CPU.Build.0 = Release|Any CPU
		{BCC3DC89-C5E5-4594-AD6C-7533C339D95C}.Release|x64.ActiveCfg = Release|Any CPU
		{BCC3DC89-C5E5-4594-AD6C-7533C339D95C}.Release|x64.Build.0 = Release|Any CPU
		{BCC3DC89-C5E5-4594-AD6C-7533C339D95C}.Release|x86.ActiveCfg = Release|Any CPU
		{BCC3DC89-C5E5-4594-AD6C-7533C339D95C}.Release|x86.Build.0 = Release|Any CPU
	EndGlobalSection
	GlobalSection(SolutionProperties) = preSolution
		HideSolutionNode = FALSE
	EndGlobalSection
	GlobalSection(ExtensibilityGlobals) = postSolution
		SolutionGuid = {1AD68F57-125B-4479-ABA4-FBBC8A45B1F7}
	EndGlobalSection
EndGlobal
